
Microsoft Visual Studio Solution File, Format Version 12.00
# Visual Studio Version 17
VisualStudioVersion = 17.5.2.0
MinimumVisualStudioVersion = 10.0.40219.1
Project("{FAE04EC0-301F-11D3-BF4B-00C04F79EFBC}") = "galaxy-football-server", "galaxy-football-server.csproj", "{95D524CC-A14D-C24B-AA48-0AB1C87B6577}"
EndProject
Project("{FAE04EC0-301F-11D3-BF4B-00C04F79EFBC}") = "Cloudflare.Library", "..\infrastructure\Cloudflare.Library\Cloudflare.Library.csproj", "{E4543115-C6C8-4DDB-AE11-49AE58078847}"
EndProject
Project("{FAE04EC0-301F-11D3-BF4B-00C04F79EFBC}") = "Git.Library", "..\infrastructure\Git.Library\Git.Library.csproj", "{CAF31FD4-E579-47C0-90A6-8AF095A9D81A}"
EndProject
Global
	GlobalSection(SolutionConfigurationPlatforms) = preSolution
		Debug|Any CPU = Debug|Any CPU
		Debug|x64 = Debug|x64
		Debug|x86 = Debug|x86
		Release|Any CPU = Release|Any CPU
		Release|x64 = Release|x64
		Release|x86 = Release|x86
	EndGlobalSection
	GlobalSection(ProjectConfigurationPlatforms) = postSolution
		{95D524CC-A14D-C24B-AA48-0AB1C87B6577}.Debug|Any CPU.ActiveCfg = Debug|Any CPU
		{95D524CC-A14D-C24B-AA48-0AB1C87B6577}.Debug|Any CPU.Build.0 = Debug|Any CPU
		{95D524CC-A14D-C24B-AA48-0AB1C87B6577}.Debug|x64.ActiveCfg = Debug|Any CPU
		{95D524CC-A14D-C24B-AA48-0AB1C87B6577}.Debug|x64.Build.0 = Debug|Any CPU
		{95D524CC-A14D-C24B-AA48-0AB1C87B6577}.Debug|x86.ActiveCfg = Debug|Any CPU
		{95D524CC-A14D-C24B-AA48-0AB1C87B6577}.Debug|x86.Build.0 = Debug|Any CPU
		{95D524CC-A14D-C24B-AA48-0AB1C87B6577}.Release|Any CPU.ActiveCfg = Release|Any CPU
		{95D524CC-A14D-C24B-AA48-0AB1C87B6577}.Release|Any CPU.Build.0 = Release|Any CPU
		{95D524CC-A14D-C24B-AA48-0AB1C87B6577}.Release|x64.ActiveCfg = Release|Any CPU
		{95D524CC-A14D-C24B-AA48-0AB1C87B6577}.Release|x64.Build.0 = Release|Any CPU
		{95D524CC-A14D-C24B-AA48-0AB1C87B6577}.Release|x86.ActiveCfg = Release|Any CPU
		{95D524CC-A14D-C24B-AA48-0AB1C87B6577}.Release|x86.Build.0 = Release|Any CPU
		{E4543115-C6C8-4DDB-AE11-49AE58078847}.Debug|Any CPU.ActiveCfg = Debug|Any CPU
		{E4543115-C6C8-4DDB-AE11-49AE58078847}.Debug|Any CPU.Build.0 = Debug|Any CPU
		{E4543115-C6C8-4DDB-AE11-49AE58078847}.Debug|x64.ActiveCfg = Debug|Any CPU
		{E4543115-C6C8-4DDB-AE11-49AE58078847}.Debug|x64.Build.0 = Debug|Any CPU
		{E4543115-C6C8-4DDB-AE11-49AE58078847}.Debug|x86.ActiveCfg = Debug|Any CPU
		{E4543115-C6C8-4DDB-AE11-49AE58078847}.Debug|x86.Build.0 = Debug|Any CPU
		{E4543115-C6C8-4DDB-AE11-49AE58078847}.Release|Any CPU.ActiveCfg = Release|Any CPU
		{E4543115-C6C8-4DDB-AE11-49AE58078847}.Release|Any CPU.Build.0 = Release|Any CPU
		{E4543115-C6C8-4DDB-AE11-49AE58078847}.Release|x64.ActiveCfg = Release|Any CPU
		{E4543115-C6C8-4DDB-AE11-49AE58078847}.Release|x64.Build.0 = Release|Any CPU
		{E4543115-C6C8-4DDB-AE11-49AE58078847}.Release|x86.ActiveCfg = Release|Any CPU
		{E4543115-C6C8-4DDB-AE11-49AE58078847}.Release|x86.Build.0 = Release|Any CPU
		{CAF31FD4-E579-47C0-90A6-8AF095A9D81A}.Debug|Any CPU.ActiveCfg = Debug|Any CPU
		{CAF31FD4-E579-47C0-90A6-8AF095A9D81A}.Debug|Any CPU.Build.0 = Debug|Any CPU
		{CAF31FD4-E579-47C0-90A6-8AF095A9D81A}.Debug|x64.ActiveCfg = Debug|Any CPU
		{CAF31FD4-E579-47C0-90A6-8AF095A9D81A}.Debug|x64.Build.0 = Debug|Any CPU
		{CAF31FD4-E579-47C0-90A6-8AF095A9D81A}.Debug|x86.ActiveCfg = Debug|Any CPU
		{CAF31FD4-E579-47C0-90A6-8AF095A9D81A}.Debug|x86.Build.0 = Debug|Any CPU
		{CAF31FD4-E579-47C0-90A6-8AF095A9D81A}.Release|Any CPU.ActiveCfg = Release|Any CPU
		{CAF31FD4-E579-47C0-90A6-8AF095A9D81A}.Release|Any CPU.Build.0 = Release|Any CPU
		{CAF31FD4-E579-47C0-90A6-8AF095A9D81A}.Release|x64.ActiveCfg = Release|Any CPU
		{CAF31FD4-E579-47C0-90A6-8AF095A9D81A}.Release|x64.Build.0 = Release|Any CPU
		{CAF31FD4-E579-47C0-90A6-8AF095A9D81A}.Release|x86.ActiveCfg = Release|Any CPU
		{CAF31FD4-E579-47C0-90A6-8AF095A9D81A}.Release|x86.Build.0 = Release|Any CPU
	EndGlobalSection
	GlobalSection(SolutionProperties) = preSolution
		HideSolutionNode = FALSE
	EndGlobalSection
	GlobalSection(ExtensibilityGlobals) = postSolution
		SolutionGuid = {CA290C6C-FFDC-4D59-981A-5BEAF4D3B206}
	EndGlobalSection
EndGlobal
